PODS:
  - CoreFramework (0.2-NF):
    - NestedObjcFramework (~> 0.2-NF)
    - NestedSwiftFramework (~> 0.2-NF)
  - NestedObjcFramework (0.2-NF)
  - NestedSwiftFramework (0.2-NF)

DEPENDENCIES:
  - CoreFramework (~> 0.2-NF)

SPEC REPOS:
  https://github.com/abbeyjackson/CocoapodPOCPodspecs.git:
    - CoreFramework
    - NestedObjcFramework
    - NestedSwiftFramework

SPEC CHECKSUMS:
  CoreFramework: 45e203b0e3bd1fe9b32324812d49dc6f82fa378f
  NestedObjcFramework: c13aabdeff2d437d902488bc8c71328cd47e336d
  NestedSwiftFramework: 24ab7bb500ac715d49e41223c22e382c2e75683a

PODFILE CHECKSUM: e22be37b55f98faeec5b2f32397ed625225b5c08

COCOAPODS: 1.6.1
