// !$*UTF8*$!
{
	archiveVersion = 1;
	classes = {
	};
	objectVersion = 50;
	objects = {

/* Begin PBXBuildFile section */
		07B2E3AA227BA37700B8BCEA /* AppDelegate.swift in Sources */ = {isa = PBXBuildFile; fileRef = 07B2E3A9227BA37700B8BCEA /* AppDelegate.swift */; };
		07B2E3AC227BA37700B8BCEA /* ViewController.swift in Sources */ = {isa = PBXBuildFile; fileRef = 07B2E3AB227BA37700B8BCEA /* ViewController.swift */; };
		07B2E3AF227BA37700B8BCEA /* Main.storyboard in Resources */ = {isa = PBXBuildFile; fileRef = 07B2E3AD227BA37700B8BCEA /* Main.storyboard */; };
		07B2E3B1227BA37A00B8BCEA /* Assets.xcassets in Resources */ = {isa = PBXBuildFile; fileRef = 07B2E3B0227BA37A00B8BCEA /* Assets.xcassets */; };
		07B2E3B4227BA37A00B8BCEA /* LaunchScreen.storyboard in Resources */ = {isa = PBXBuildFile; fileRef = 07B2E3B2227BA37A00B8BCEA /* LaunchScreen.storyboard */; };
		149680555D9426A55BA40FE6 /* Pods_SwiftPodApp.framework in Frameworks */ = {isa = PBXBuildFile; fileRef = 60236BAF56BBE958416241B2 /* Pods_SwiftPodApp.framework */; };
/* End PBXBuildFile section */

/* Begin PBXCopyFilesBuildPhase section */
		0714042F227CB21A00349FBC /* Embed Frameworks */ = {
			isa = PBXCopyFilesBuildPhase;
			buildActionMask = 2147483647;
			dstPath = "";
			dstSubfolderSpec = 10;
			files = (
			);
			name = "Embed Frameworks";
			runOnlyForDeploymentPostprocessing = 0;
		};
/* End PBXCopyFilesBuildPhase section */

/* Begin PBXFileReference section */
		07B2E3A6227BA37700B8BCEA /* SwiftPodApp.app */ = {isa = PBXFileReference; explicitFileType = wrapper.application; includeInIndex = 0; path = SwiftPodApp.app; sourceTree = BUILT_PRODUCTS_DIR; };
		07B2E3A9227BA37700B8BCEA /* AppDelegate.swift */ = {isa = PBXFileReference; lastKnownFileType = sourcecode.swift; path = AppDelegate.swift; sourceTree = "<group>"; };
		07B2E3AB227BA37700B8BCEA /* ViewController.swift */ = {isa = PBXFileReference; lastKnownFileType = sourcecode.swift; path = ViewController.swift; sourceTree = "<group>"; };
		07B2E3AE227BA37700B8BCEA /* Base */ = {isa = PBXFileReference; lastKnownFileType = file.storyboard; name = Base; path = Base.lproj/Main.storyboard; sourceTree = "<group>"; };
		07B2E3B0227BA37A00B8BCEA /* Assets.xcassets */ = {isa = PBXFileReference; lastKnownFileType = folder.assetcatalog; path = Assets.xcassets; sourceTree = "<group>"; };
		07B2E3B3227BA37A00B8BCEA /* Base */ = {isa = PBXFileReference; lastKnownFileType = file.storyboard; name = Base; path = Base.lproj/LaunchScreen.storyboard; sourceTree = "<group>"; };
		07B2E3B5227BA37A00B8BCEA /* Info.plist */ = {isa = PBXFileReference; lastKnownFileType = text.plist.xml; path = Info.plist; sourceTree = "<group>"; };
		07E8F73B228A0B74007A153A /* SwiftPodApp-Bridging-Header.h */ = {isa = PBXFileReference; lastKnownFileType = sourcecode.c.h; path = "SwiftPodApp-Bridging-Header.h"; sourceTree = "<group>"; };
		60236BAF56BBE958416241B2 /* Pods_SwiftPodApp.framework */ = {isa = PBXFileReference; explicitFileType = wrapper.framework; includeInIndex = 0; path = Pods_SwiftPodApp.framework; sourceTree = BUILT_PRODUCTS_DIR; };
		7018D9523D3D2B105FE517F6 /* Pods-SwiftPodApp.release.xcconfig */ = {isa = PBXFileReference; includeInIndex = 1; lastKnownFileType = text.xcconfig; name = "Pods-SwiftPodApp.release.xcconfig"; path = "Target Support Files/Pods-SwiftPodApp/Pods-SwiftPodApp.release.xcconfig"; sourceTree = "<group>"; };
		9EDB7CC9608EB2BC7A92EB4E /* Pods-SwiftPodApp.debug.xcconfig */ = {isa = PBXFileReference; includeInIndex = 1; lastKnownFileType = text.xcconfig; name = "Pods-SwiftPodApp.debug.xcconfig"; path = "Target Support Files/Pods-SwiftPodApp/Pods-SwiftPodApp.debug.xcconfig"; sourceTree = "<group>"; };
/* End PBXFileReference section */

/* Begin PBXFrameworksBuildPhase section */
		07B2E3A3227BA37700B8BCEA /* Frameworks */ = {
			isa = PBXFrameworksBuildPhase;
			buildActionMask = 2147483647;
			files = (
				149680555D9426A55BA40FE6 /* Pods_SwiftPodApp.framework in Frameworks */,
			);
			runOnlyForDeploymentPostprocessing = 0;
		};
/* End PBXFrameworksBuildPhase section */

/* Begin PBXGroup section */
		071403C7227CA42F00349FBC /* Frameworks */ = {
			isa = PBXGroup;
			children = (
				60236BAF56BBE958416241B2 /* Pods_SwiftPodApp.framework */,
			);
			name = Frameworks;
			sourceTree = "<group>";
		};
		07B2E39D227BA37700B8BCEA = {
			isa = PBXGroup;
			children = (
				07B2E3A8227BA37700B8BCEA /* SwiftPodApp */,
				07B2E3A7227BA37700B8BCEA /* Products */,
				071403C7227CA42F00349FBC /* Frameworks */,
				325EC1255A5F2760EFA9ADAC /* Pods */,
			);
			sourceTree = "<group>";
		};
		07B2E3A7227BA37700B8BCEA /* Products */ = {
			isa = PBXGroup;
			children = (
				07B2E3A6227BA37700B8BCEA /* SwiftPodApp.app */,
			);
			name = Products;
			sourceTree = "<group>";
		};
		07B2E3A8227BA37700B8BCEA /* SwiftPodApp */ = {
			isa = PBXGroup;
			children = (
				07B2E3A9227BA37700B8BCEA /* AppDelegate.swift */,
				07B2E3AB227BA37700B8BCEA /* ViewController.swift */,
				07B2E3AD227BA37700B8BCEA /* Main.storyboard */,
				07B2E3B0227BA37A00B8BCEA /* Assets.xcassets */,
				07B2E3B2227BA37A00B8BCEA /* LaunchScreen.storyboard */,
				07B2E3B5227BA37A00B8BCEA /* Info.plist */,
				07E8F73B228A0B74007A153A /* SwiftPodApp-Bridging-Header.h */,
			);
			path = SwiftPodApp;
			sourceTree = "<group>";
		};
		325EC1255A5F2760EFA9ADAC /* Pods */ = {
			isa = PBXGroup;
			children = (
				9EDB7CC9608EB2BC7A92EB4E /* Pods-SwiftPodApp.debug.xcconfig */,
				7018D9523D3D2B105FE517F6 /* Pods-SwiftPodApp.release.xcconfig */,
			);
			name = Pods;
			path = Pods;
			sourceTree = "<group>";
		};
/* End PBXGroup section */

/* Begin PBXNativeTarget section */
		07B2E3A5227BA37700B8BCEA /* SwiftPodApp */ = {
			isa = PBXNativeTarget;
			buildConfigurationList = 07B2E3B8227BA37A00B8BCEA /* Build configuration list for PBXNativeTarget "SwiftPodApp" */;
			buildPhases = (
				FE272A107E38C79D24D11D7B /* [CP] Check Pods Manifest.lock */,
				07B2E3A2227BA37700B8BCEA /* Sources */,
				07B2E3A3227BA37700B8BCEA /* Frameworks */,
				07B2E3A4227BA37700B8BCEA /* Resources */,
				0714042F227CB21A00349FBC /* Embed Frameworks */,
				8BB3173F03270CEEB1E001BC /* [CP] Embed Pods Frameworks */,
			);
			buildRules = (
			);
			dependencies = (
			);
			name = SwiftPodApp;
			productName = SwiftPodApp;
			productReference = 07B2E3A6227BA37700B8BCEA /* SwiftPodApp.app */;
			productType = "com.apple.product-type.application";
		};
/* End PBXNativeTarget section */

/* Begin PBXProject section */
		07B2E39E227BA37700B8BCEA /* Project object */ = {
			isa = PBXProject;
			attributes = {
				LastSwiftUpdateCheck = 1010;
				LastUpgradeCheck = 1010;
				ORGANIZATIONNAME = abbeytest;
				TargetAttributes = {
					07B2E3A5227BA37700B8BCEA = {
						CreatedOnToolsVersion = 10.1;
						LastSwiftMigration = 1010;
					};
				};
			};
			buildConfigurationList = 07B2E3A1227BA37700B8BCEA /* Build configuration list for PBXProject "SwiftPodApp" */;
			compatibilityVersion = "Xcode 9.3";
			developmentRegion = en;
			hasScannedForEncodings = 0;
			knownRegions = (
				en,
				Base,
			);
			mainGroup = 07B2E39D227BA37700B8BCEA;
			productRefGroup = 07B2E3A7227BA37700B8BCEA /* Products */;
			projectDirPath = "";
			projectRoot = "";
			targets = (
				07B2E3A5227BA37700B8BCEA /* SwiftPodApp */,
			);
		};
/* End PBXProject section */

/* Begin PBXResourcesBuildPhase section */
		07B2E3A4227BA37700B8BCEA /* Resources */ = {
			isa = PBXResourcesBuildPhase;
			buildActionMask = 2147483647;
			files = (
				07B2E3B4227BA37A00B8BCEA /* LaunchScreen.storyboard in Resources */,
				07B2E3B1227BA37A00B8BCEA /* Assets.xcassets in Resources */,
				07B2E3AF227BA37700B8BCEA /* Main.storyboard in Resources */,
			);
			runOnlyForDeploymentPostprocessing = 0;
		};
/* End PBXResourcesBuildPhase section */

/* Begin PBXShellScriptBuildPhase section */
		8BB3173F03270CEEB1E001BC /* [CP] Embed Pods Frameworks */ = {
			isa = PBXShellScriptBuildPhase;
			buildActionMask = 2147483647;
			files = (
			);
			inputFileListPaths = (
			);
			inputPaths = (
				"${PODS_ROOT}/Target Support Files/Pods-SwiftPodApp/Pods-SwiftPodApp-frameworks.sh",
				"${PODS_ROOT}/NestedCoreFramework/NestedCoreFramework-iOS-universal/NestedCoreFramework.framework",
				"${PODS_ROOT}/NestedCoreFramework/NestedCoreFramework-iOS-universal/NestedCoreFramework.framework.dSYM",
				"${PODS_ROOT}/ObjcFeatureFramework/ObjcFeatureFramework-iOS-universal/ObjcFeatureFramework.framework",
				"${PODS_ROOT}/ObjcFeatureFramework/ObjcFeatureFramework-iOS-universal/ObjcFeatureFramework.framework.dSYM",
				"${PODS_ROOT}/SwiftFeatureFramework/SwiftFeatureFramework-iOS-universal/SwiftFeatureFramework.framework",
				"${PODS_ROOT}/SwiftFeatureFramework/SwiftFeatureFramework-iOS-universal/SwiftFeatureFramework.framework.dSYM",
			);
			name = "[CP] Embed Pods Frameworks";
			outputFileListPaths = (
			);
			outputPaths = (
				"${TARGET_BUILD_DIR}/${FRAMEWORKS_FOLDER_PATH}/NestedCoreFramework.framework",
				"${DWARF_DSYM_FOLDER_PATH}/NestedCoreFramework.framework.dSYM",
				"${TARGET_BUILD_DIR}/${FRAMEWORKS_FOLDER_PATH}/ObjcFeatureFramework.framework",
				"${DWARF_DSYM_FOLDER_PATH}/ObjcFeatureFramework.framework.dSYM",
				"${TARGET_BUILD_DIR}/${FRAMEWORKS_FOLDER_PATH}/SwiftFeatureFramework.framework",
				"${DWARF_DSYM_FOLDER_PATH}/SwiftFeatureFramework.framework.dSYM",
			);
			runOnlyForDeploymentPostprocessing = 0;
			shellPath = /bin/sh;
			shellScript = "\"${PODS_ROOT}/Target Support Files/Pods-SwiftPodApp/Pods-SwiftPodApp-frameworks.sh\"\n";
			showEnvVarsInLog = 0;
		};
		FE272A107E38C79D24D11D7B /* [CP] Check Pods Manifest.lock */ = {
			isa = PBXShellScriptBuildPhase;
			buildActionMask = 2147483647;
			files = (
			);
			inputFileListPaths = (
			);
			inputPaths = (
				"${PODS_PODFILE_DIR_PATH}/Podfile.lock",
				"${PODS_ROOT}/Manifest.lock",
			);
			name = "[CP] Check Pods Manifest.lock";
			outputFileListPaths = (
			);
			outputPaths = (
				"$(DERIVED_FILE_DIR)/Pods-SwiftPodApp-checkManifestLockResult.txt",
			);
			runOnlyForDeploymentPostprocessing = 0;
			shellPath = /bin/sh;
			shellScript = "diff \"${PODS_PODFILE_DIR_PATH}/Podfile.lock\" \"${PODS_ROOT}/Manifest.lock\" > /dev/null\nif [ $? != 0 ] ; then\n    # print error to STDERR\n    echo \"error: The sandbox is not in sync with the Podfile.lock. Run 'pod install' or update your CocoaPods installation.\" >&2\n    exit 1\nfi\n# This output is used by Xcode 'outputs' to avoid re-running this script phase.\necho \"SUCCESS\" > \"${SCRIPT_OUTPUT_FILE_0}\"\n";
			showEnvVarsInLog = 0;
		};
/* End PBXShellScriptBuildPhase section */

/* Begin PBXSourcesBuildPhase section */
		07B2E3A2227BA37700B8BCEA /* Sources */ = {
			isa = PBXSourcesBuildPhase;
			buildActionMask = 2147483647;
			files = (
				07B2E3AC227BA37700B8BCEA /* ViewController.swift in Sources */,
				07B2E3AA227BA37700B8BCEA /* AppDelegate.swift in Sources */,
			);
			runOnlyForDeploymentPostprocessing = 0;
		};
/* End PBXSourcesBuildPhase section */

/* Begin PBXVariantGroup section */
		07B2E3AD227BA37700B8BCEA /* Main.storyboard */ = {
			isa = PBXVariantGroup;
			children = (
				07B2E3AE227BA37700B8BCEA /* Base */,
			);
			name = Main.storyboard;
			sourceTree = "<group>";
		};
		07B2E3B2227BA37A00B8BCEA /* LaunchScreen.storyboard */ = {
			isa = PBXVariantGroup;
			children = (
				07B2E3B3227BA37A00B8BCEA /* Base */,
			);
			name = LaunchScreen.storyboard;
			sourceTree = "<group>";
		};
/* End PBXVariantGroup section */

/* Begin XCBuildConfiguration section */
		07B2E3B6227BA37A00B8BCEA /* Debug */ = {
			isa = XCBuildConfiguration;
			buildSettings = {
				ALWAYS_SEARCH_USER_PATHS = NO;
				CLANG_ANALYZER_NONNULL = YES;
				CLANG_ANALYZER_NUMBER_OBJECT_CONVERSION = YES_AGGRESSIVE;
				CLANG_CXX_LANGUAGE_STANDARD = "gnu++14";
				CLANG_CXX_LIBRARY = "libc++";
				CLANG_ENABLE_MODULES = YES;
				CLANG_ENABLE_OBJC_ARC = YES;
				CLANG_ENABLE_OBJC_WEAK = YES;
				CLANG_WARN_BLOCK_CAPTURE_AUTORELEASING = YES;
				CLANG_WARN_BOOL_CONVERSION = YES;
				CLANG_WARN_COMMA = YES;
				CLANG_WARN_CONSTANT_CONVERSION = YES;
				CLANG_WARN_DEPRECATED_OBJC_IMPLEMENTATIONS = YES;
				CLANG_WARN_DIRECT_OBJC_ISA_USAGE = YES_ERROR;
				CLANG_WARN_DOCUMENTATION_COMMENTS = YES;
				CLANG_WARN_EMPTY_BODY = YES;
				CLANG_WARN_ENUM_CONVERSION = YES;
				CLANG_WARN_INFINITE_RECURSION = YES;
				CLANG_WARN_INT_CONVERSION = YES;
				CLANG_WARN_NON_LITERAL_NULL_CONVERSION = YES;
				CLANG_WARN_OBJC_IMPLICIT_RETAIN_SELF = YES;
				CLANG_WARN_OBJC_LITERAL_CONVERSION = YES;
				CLANG_WARN_OBJC_ROOT_CLASS = YES_ERROR;
				CLANG_WARN_RANGE_LOOP_ANALYSIS = YES;
				CLANG_WARN_STRICT_PROTOTYPES = YES;
				CLANG_WARN_SUSPICIOUS_MOVE = YES;
				CLANG_WARN_UNGUARDED_AVAILABILITY = YES_AGGRESSIVE;
				CLANG_WARN_UNREACHABLE_CODE = YES;
				CLANG_WARN__DUPLICATE_METHOD_MATCH = YES;
				CODE_SIGN_IDENTITY = "iPhone Developer";
				COPY_PHASE_STRIP = NO;
				DEBUG_INFORMATION_FORMAT = dwarf;
				ENABLE_STRICT_OBJC_MSGSEND = YES;
				ENABLE_TESTABILITY = YES;
				GCC_C_LANGUAGE_STANDARD = gnu11;
				GCC_DYNAMIC_NO_PIC = NO;
				GCC_NO_COMMON_BLOCKS = YES;
				GCC_OPTIMIZATION_LEVEL = 0;
				GCC_PREPROCESSOR_DEFINITIONS = (
					"DEBUG=1",
					"$(inherited)",
				);
				GCC_WARN_64_TO_32_BIT_CONVERSION = YES;
				GCC_WARN_ABOUT_RETURN_TYPE = YES_ERROR;
				GCC_WARN_UNDECLARED_SELECTOR = YES;
				GCC_WARN_UNINITIALIZED_AUTOS = YES_AGGRESSIVE;
				GCC_WARN_UNUSED_FUNCTION = YES;
				GCC_WARN_UNUSED_VARIABLE = YES;
				IPHONEOS_DEPLOYMENT_TARGET = 11.0;
				MTL_ENABLE_DEBUG_INFO = INCLUDE_SOURCE;
				MTL_FAST_MATH = YES;
				ONLY_ACTIVE_ARCH = YES;
				SDKROOT = iphoneos;
				SWIFT_ACTIVE_COMPILATION_CONDITIONS = DEBUG;
				SWIFT_OPTIMIZATION_LEVEL = "-Onone";
			};
			name = Debug;
		};
		07B2E3B7227BA37A00B8BCEA /* Release */ = {
			isa = XCBuildConfiguration;
			buildSettings = {
				ALWAYS_SEARCH_USER_PATHS = NO;
				CLANG_ANALYZER_NONNULL = YES;
				CLANG_ANALYZER_NUMBER_OBJECT_CONVERSION = YES_AGGRESSIVE;
				CLANG_CXX_LANGUAGE_STANDARD = "gnu++14";
				CLANG_CXX_LIBRARY = "libc++";
				CLANG_ENABLE_MODULES = YES;
				CLANG_ENABLE_OBJC_ARC = YES;
				CLANG_ENABLE_OBJC_WEAK = YES;
				CLANG_WARN_BLOCK_CAPTURE_AUTORELEASING = YES;
				CLANG_WARN_BOOL_CONVERSION = YES;
				CLANG_WARN_COMMA = YES;
				CLANG_WARN_CONSTANT_CONVERSION = YES;
				CLANG_WARN_DEPRECATED_OBJC_IMPLEMENTATIONS = YES;
				CLANG_WARN_DIRECT_OBJC_ISA_USAGE = YES_ERROR;
				CLANG_WARN_DOCUMENTATION_COMMENTS = YES;
				CLANG_WARN_EMPTY_BODY = YES;
				CLANG_WARN_ENUM_CONVERSION = YES;
				CLANG_WARN_INFINITE_RECURSION = YES;
				CLANG_WARN_INT_CONVERSION = YES;
				CLANG_WARN_NON_LITERAL_NULL_CONVERSION = YES;
				CLANG_WARN_OBJC_IMPLICIT_RETAIN_SELF = YES;
				CLANG_WARN_OBJC_LITERAL_CONVERSION = YES;
				CLANG_WARN_OBJC_ROOT_CLASS = YES_ERROR;
				CLANG_WARN_RANGE_LOOP_ANALYSIS = YES;
				CLANG_WARN_STRICT_PROTOTYPES = YES;
				CLANG_WARN_SUSPICIOUS_MOVE = YES;
				CLANG_WARN_UNGUARDED_AVAILABILITY = YES_AGGRESSIVE;
				CLANG_WARN_UNREACHABLE_CODE = YES;
				CLANG_WARN__DUPLICATE_METHOD_MATCH = YES;
				CODE_SIGN_IDENTITY = "iPhone Developer";
				COPY_PHASE_STRIP = NO;
				DEBUG_INFORMATION_FORMAT = "dwarf-with-dsym";
				ENABLE_NS_ASSERTIONS = NO;
				ENABLE_STRICT_OBJC_MSGSEND = YES;
				GCC_C_LANGUAGE_STANDARD = gnu11;
				GCC_NO_COMMON_BLOCKS = YES;
				GCC_WARN_64_TO_32_BIT_CONVERSION = YES;
				GCC_WARN_ABOUT_RETURN_TYPE = YES_ERROR;
				GCC_WARN_UNDECLARED_SELECTOR = YES;
				GCC_WARN_UNINITIALIZED_AUTOS = YES_AGGRESSIVE;
				GCC_WARN_UNUSED_FUNCTION = YES;
				GCC_WARN_UNUSED_VARIABLE = YES;
				IPHONEOS_DEPLOYMENT_TARGET = 11.0;
				MTL_ENABLE_DEBUG_INFO = NO;
				MTL_FAST_MATH = YES;
				SDKROOT = iphoneos;
				SWIFT_COMPILATION_MODE = wholemodule;
				SWIFT_OPTIMIZATION_LEVEL = "-O";
				VALIDATE_PRODUCT = YES;
			};
			name = Release;
		};
		07B2E3B9227BA37A00B8BCEA /* Debug */ = {
			isa = XCBuildConfiguration;
			baseConfigurationReference = 9EDB7CC9608EB2BC7A92EB4E /* Pods-SwiftPodApp.debug.xcconfig */;
			buildSettings = {
				ASSETCATALOG_COMPILER_APPICON_NAME = AppIcon;
				CLANG_ENABLE_MODULES = YES;
				CODE_SIGN_STYLE = Automatic;
				DEFINES_MODULE = YES;
				DEVELOPMENT_TEAM = H4CWH78TFV;
				FRAMEWORK_SEARCH_PATHS = (
					"$(inherited)",
					"$(PROJECT_DIR)/SwiftPodApp",
					"$(PROJECT_DIR)",
				);
				INFOPLIST_FILE = SwiftPodApp/Info.plist;
				LD_RUNPATH_SEARCH_PATHS = (
					"$(inherited)",
					"@executable_path/Frameworks",
				);
				PRODUCT_BUNDLE_IDENTIFIER = ca.abbeyjackson.SwiftPodApp;
				PRODUCT_NAME = "$(TARGET_NAME)";
				SWIFT_OBJC_BRIDGING_HEADER = "SwiftPodApp/SwiftPodApp-Bridging-Header.h";
				SWIFT_OPTIMIZATION_LEVEL = "-Onone";
				SWIFT_VERSION = 4.2;
				TARGETED_DEVICE_FAMILY = "1,2";
			};
			name = Debug;
		};
		07B2E3BA227BA37A00B8BCEA /* Release */ = {
			isa = XCBuildConfiguration;
			baseConfigurationReference = 7018D9523D3D2B105FE517F6 /* Pods-SwiftPodApp.release.xcconfig */;
			buildSettings = {
				ASSETCATALOG_COMPILER_APPICON_NAME = AppIcon;
				CLANG_ENABLE_MODULES = YES;
				CODE_SIGN_STYLE = Automatic;
				DEFINES_MODULE = YES;
				DEVELOPMENT_TEAM = H4CWH78TFV;
				FRAMEWORK_SEARCH_PATHS = (
					"$(inherited)",
					"$(PROJECT_DIR)/SwiftPodApp",
					"$(PROJECT_DIR)",
				);
				INFOPLIST_FILE = SwiftPodApp/Info.plist;
				LD_RUNPATH_SEARCH_PATHS = (
					"$(inherited)",
					"@executable_path/Frameworks",
				);
				PRODUCT_BUNDLE_IDENTIFIER = ca.abbeyjackson.SwiftPodApp;
				PRODUCT_NAME = "$(TARGET_NAME)";
				SWIFT_OBJC_BRIDGING_HEADER = "SwiftPodApp/SwiftPodApp-Bridging-Header.h";
				SWIFT_VERSION = 4.2;
				TARGETED_DEVICE_FAMILY = "1,2";
			};
			name = Release;
		};
/* End XCBuildConfiguration section */

/* Begin XCConfigurationList section */
		07B2E3A1227BA37700B8BCEA /* Build configuration list for PBXProject "SwiftPodApp" */ = {
			isa = XCConfigurationList;
			buildConfigurations = (
				07B2E3B6227BA37A00B8BCEA /* Debug */,
				07B2E3B7227BA37A00B8BCEA /* Release */,
			);
			defaultConfigurationIsVisible = 0;
			defaultConfigurationName = Release;
		};
		07B2E3B8227BA37A00B8BCEA /* Build configuration list for PBXNativeTarget "SwiftPodApp" */ = {
			isa = XCConfigurationList;
			buildConfigurations = (
				07B2E3B9227BA37A00B8BCEA /* Debug */,
				07B2E3BA227BA37A00B8BCEA /* Release */,
			);
			defaultConfigurationIsVisible = 0;
			defaultConfigurationName = Release;
		};
/* End XCConfigurationList section */
	};
	rootObject = 07B2E39E227BA37700B8BCEA /* Project object */;
}
