// !$*UTF8*$!
{
	archiveVersion = 1;
	classes = {
	};
	objectVersion = 50;
	objects = {

/* Begin PBXAggregateTarget section */
		07F2D02D2284DE270080AB8D /* Packaging */ = {
			isa = PBXAggregateTarget;
			buildConfigurationList = 07F2D0302284DE270080AB8D /* Build configuration list for PBXAggregateTarget "Packaging" */;
			buildPhases = (
				07F2D0332284DE3D0080AB8D /* ShellScript */,
			);
			dependencies = (
				07F2D0322284DE3A0080AB8D /* PBXTargetDependency */,
			);
			name = Packaging;
			productName = Packaging;
		};
/* End PBXAggregateTarget section */

/* Begin PBXBuildFile section */
		07140415227CAC2900349FBC /* ObjcFeatureFramework.h in Headers */ = {isa = PBXBuildFile; fileRef = 07140413227CAC2900349FBC /* ObjcFeatureFramework.h */; settings = {ATTRIBUTES = (Public, ); }; };
		0714041D227CAC4000349FBC /* OFFEntry.h in Headers */ = {isa = PBXBuildFile; fileRef = 0714041B227CAC4000349FBC /* OFFEntry.h */; settings = {ATTRIBUTES = (Public, ); }; };
		0714041E227CAC4000349FBC /* OFFEntry.m in Sources */ = {isa = PBXBuildFile; fileRef = 0714041C227CAC4000349FBC /* OFFEntry.m */; };
		0731870D228B62520063B2F1 /* NestedCoreFramework.framework in Frameworks */ = {isa = PBXBuildFile; fileRef = 0731870C228B62520063B2F1 /* NestedCoreFramework.framework */; };
		07318717228B72970063B2F1 /* NestedCoreFramework.framework in Frameworks */ = {isa = PBXBuildFile; fileRef = 07318716228B72970063B2F1 /* NestedCoreFramework.framework */; };
/* End PBXBuildFile section */

/* Begin PBXContainerItemProxy section */
		07F2D0312284DE3A0080AB8D /* PBXContainerItemProxy */ = {
			isa = PBXContainerItemProxy;
			containerPortal = 07140407227CAC2900349FBC /* Project object */;
			proxyType = 1;
			remoteGlobalIDString = 0714040F227CAC2900349FBC;
			remoteInfo = ObjcFeatureFramework;
		};
/* End PBXContainerItemProxy section */

/* Begin PBXFileReference section */
		07140410227CAC2900349FBC /* ObjcFeatureFramework.framework */ = {isa = PBXFileReference; explicitFileType = wrapper.framework; includeInIndex = 0; path = ObjcFeatureFramework.framework; sourceTree = BUILT_PRODUCTS_DIR; };
		07140413227CAC2900349FBC /* ObjcFeatureFramework.h */ = {isa = PBXFileReference; lastKnownFileType = sourcecode.c.h; path = ObjcFeatureFramework.h; sourceTree = "<group>"; };
		07140414227CAC2900349FBC /* Info.plist */ = {isa = PBXFileReference; lastKnownFileType = text.plist.xml; path = Info.plist; sourceTree = "<group>"; };
		0714041B227CAC4000349FBC /* OFFEntry.h */ = {isa = PBXFileReference; lastKnownFileType = sourcecode.c.h; path = OFFEntry.h; sourceTree = "<group>"; };
		0714041C227CAC4000349FBC /* OFFEntry.m */ = {isa = PBXFileReference; lastKnownFileType = sourcecode.c.objc; path = OFFEntry.m; sourceTree = "<group>"; };
		0731870C228B62520063B2F1 /* NestedCoreFramework.framework */ = {isa = PBXFileReference; lastKnownFileType = wrapper.framework; name = NestedCoreFramework.framework; path = "../../NestedCoreFramework/universal-build/NestedCoreFramework.framework"; sourceTree = "<group>"; };
		07318716228B72970063B2F1 /* NestedCoreFramework.framework */ = {isa = PBXFileReference; lastKnownFileType = wrapper.framework; path = NestedCoreFramework.framework; sourceTree = SOURCE_ROOT; };
/* End PBXFileReference section */

/* Begin PBXFrameworksBuildPhase section */
		0714040D227CAC2900349FBC /* Frameworks */ = {
			isa = PBXFrameworksBuildPhase;
			buildActionMask = 2147483647;
			files = (
				0731870D228B62520063B2F1 /* NestedCoreFramework.framework in Frameworks */,
				07318717228B72970063B2F1 /* NestedCoreFramework.framework in Frameworks */,
			);
			runOnlyForDeploymentPostprocessing = 0;
		};
/* End PBXFrameworksBuildPhase section */

/* Begin PBXGroup section */
		07140406227CAC2900349FBC = {
			isa = PBXGroup;
			children = (
				07140412227CAC2900349FBC /* ObjcFeatureFramework */,
				07140411227CAC2900349FBC /* Products */,
			);
			sourceTree = "<group>";
		};
		07140411227CAC2900349FBC /* Products */ = {
			isa = PBXGroup;
			children = (
				07140410227CAC2900349FBC /* ObjcFeatureFramework.framework */,
			);
			name = Products;
			sourceTree = "<group>";
		};
		07140412227CAC2900349FBC /* ObjcFeatureFramework */ = {
			isa = PBXGroup;
			children = (
				07318716228B72970063B2F1 /* NestedCoreFramework.framework */,
				07140413227CAC2900349FBC /* ObjcFeatureFramework.h */,
				0714041B227CAC4000349FBC /* OFFEntry.h */,
				0714041C227CAC4000349FBC /* OFFEntry.m */,
				07140414227CAC2900349FBC /* Info.plist */,
				0731870C228B62520063B2F1 /* NestedCoreFramework.framework */,
			);
			path = ObjcFeatureFramework;
			sourceTree = "<group>";
		};
/* End PBXGroup section */

/* Begin PBXHeadersBuildPhase section */
		0714040B227CAC2900349FBC /* Headers */ = {
			isa = PBXHeadersBuildPhase;
			buildActionMask = 2147483647;
			files = (
				07140415227CAC2900349FBC /* ObjcFeatureFramework.h in Headers */,
				0714041D227CAC4000349FBC /* OFFEntry.h in Headers */,
			);
			runOnlyForDeploymentPostprocessing = 0;
		};
/* End PBXHeadersBuildPhase section */

/* Begin PBXNativeTarget section */
		0714040F227CAC2900349FBC /* ObjcFeatureFramework */ = {
			isa = PBXNativeTarget;
			buildConfigurationList = 07140418227CAC2900349FBC /* Build configuration list for PBXNativeTarget "ObjcFeatureFramework" */;
			buildPhases = (
				0714040B227CAC2900349FBC /* Headers */,
				0714040C227CAC2900349FBC /* Sources */,
				0714040D227CAC2900349FBC /* Frameworks */,
				0714040E227CAC2900349FBC /* Resources */,
			);
			buildRules = (
			);
			dependencies = (
			);
			name = ObjcFeatureFramework;
			productName = ObjcFeatureFramework;
			productReference = 07140410227CAC2900349FBC /* ObjcFeatureFramework.framework */;
			productType = "com.apple.product-type.framework";
		};
/* End PBXNativeTarget section */

/* Begin PBXProject section */
		07140407227CAC2900349FBC /* Project object */ = {
			isa = PBXProject;
			attributes = {
				LastUpgradeCheck = 1010;
				ORGANIZATIONNAME = abbeytest;
				TargetAttributes = {
					0714040F227CAC2900349FBC = {
						CreatedOnToolsVersion = 10.1;
					};
					07F2D02D2284DE270080AB8D = {
						CreatedOnToolsVersion = 10.1;
					};
				};
			};
			buildConfigurationList = 0714040A227CAC2900349FBC /* Build configuration list for PBXProject "ObjcFeatureFramework" */;
			compatibilityVersion = "Xcode 9.3";
			developmentRegion = en;
			hasScannedForEncodings = 0;
			knownRegions = (
				en,
			);
			mainGroup = 07140406227CAC2900349FBC;
			productRefGroup = 07140411227CAC2900349FBC /* Products */;
			projectDirPath = "";
			projectRoot = "";
			targets = (
				0714040F227CAC2900349FBC /* ObjcFeatureFramework */,
				07F2D02D2284DE270080AB8D /* Packaging */,
			);
		};
/* End PBXProject section */

/* Begin PBXResourcesBuildPhase section */
		0714040E227CAC2900349FBC /* Resources */ = {
			isa = PBXResourcesBuildPhase;
			buildActionMask = 2147483647;
			files = (
			);
			runOnlyForDeploymentPostprocessing = 0;
		};
/* End PBXResourcesBuildPhase section */

/* Begin PBXShellScriptBuildPhase section */
		07F2D0332284DE3D0080AB8D /* ShellScript */ = {
			isa = PBXShellScriptBuildPhase;
			buildActionMask = 2147483647;
			files = (
			);
			inputFileListPaths = (
			);
			inputPaths = (
			);
			outputFileListPaths = (
			);
			outputPaths = (
			);
			runOnlyForDeploymentPostprocessing = 0;
			shellPath = /bin/sh;
			shellScript = "#!/bin/sh\n\n## The scheme for this target is set to use Release configuration for both build and archive \n${SRCROOT}/../../../Packaging/Packaging.sh\n";
		};
/* End PBXShellScriptBuildPhase section */

/* Begin PBXSourcesBuildPhase section */
		0714040C227CAC2900349FBC /* Sources */ = {
			isa = PBXSourcesBuildPhase;
			buildActionMask = 2147483647;
			files = (
				0714041E227CAC4000349FBC /* OFFEntry.m in Sources */,
			);
			runOnlyForDeploymentPostprocessing = 0;
		};
/* End PBXSourcesBuildPhase section */

/* Begin PBXTargetDependency section */
		07F2D0322284DE3A0080AB8D /* PBXTargetDependency */ = {
			isa = PBXTargetDependency;
			target = 0714040F227CAC2900349FBC /* ObjcFeatureFramework */;
			targetProxy = 07F2D0312284DE3A0080AB8D /* PBXContainerItemProxy */;
		};
/* End PBXTargetDependency section */

/* Begin XCBuildConfiguration section */
		07140416227CAC2900349FBC /* Debug */ = {
			isa = XCBuildConfiguration;
			buildSettings = {
				ALWAYS_SEARCH_USER_PATHS = NO;
				CLANG_ANALYZER_NONNULL = YES;
				CLANG_ANALYZER_NUMBER_OBJECT_CONVERSION = YES_AGGRESSIVE;
				CLANG_CXX_LANGUAGE_STANDARD = "gnu++14";
				CLANG_CXX_LIBRARY = "libc++";
				CLANG_ENABLE_MODULES = YES;
				CLANG_ENABLE_OBJC_ARC = YES;
				CLANG_ENABLE_OBJC_WEAK = YES;
				CLANG_WARN_BLOCK_CAPTURE_AUTORELEASING = YES;
				CLANG_WARN_BOOL_CONVERSION = YES;
				CLANG_WARN_COMMA = YES;
				CLANG_WARN_CONSTANT_CONVERSION = YES;
				CLANG_WARN_DEPRECATED_OBJC_IMPLEMENTATIONS = YES;
				CLANG_WARN_DIRECT_OBJC_ISA_USAGE = YES_ERROR;
				CLANG_WARN_DOCUMENTATION_COMMENTS = YES;
				CLANG_WARN_EMPTY_BODY = YES;
				CLANG_WARN_ENUM_CONVERSION = YES;
				CLANG_WARN_INFINITE_RECURSION = YES;
				CLANG_WARN_INT_CONVERSION = YES;
				CLANG_WARN_NON_LITERAL_NULL_CONVERSION = YES;
				CLANG_WARN_OBJC_IMPLICIT_RETAIN_SELF = YES;
				CLANG_WARN_OBJC_LITERAL_CONVERSION = YES;
				CLANG_WARN_OBJC_ROOT_CLASS = YES_ERROR;
				CLANG_WARN_RANGE_LOOP_ANALYSIS = YES;
				CLANG_WARN_STRICT_PROTOTYPES = YES;
				CLANG_WARN_SUSPICIOUS_MOVE = YES;
				CLANG_WARN_UNGUARDED_AVAILABILITY = YES_AGGRESSIVE;
				CLANG_WARN_UNREACHABLE_CODE = YES;
				CLANG_WARN__DUPLICATE_METHOD_MATCH = YES;
				CODE_SIGN_IDENTITY = "iPhone Developer";
				COPY_PHASE_STRIP = NO;
				CURRENT_PROJECT_VERSION = 1;
				DEBUG_INFORMATION_FORMAT = dwarf;
				ENABLE_STRICT_OBJC_MSGSEND = YES;
				ENABLE_TESTABILITY = YES;
				GCC_C_LANGUAGE_STANDARD = gnu11;
				GCC_DYNAMIC_NO_PIC = NO;
				GCC_NO_COMMON_BLOCKS = YES;
				GCC_OPTIMIZATION_LEVEL = 0;
				GCC_PREPROCESSOR_DEFINITIONS = (
					"DEBUG=1",
					"$(inherited)",
				);
				GCC_WARN_64_TO_32_BIT_CONVERSION = YES;
				GCC_WARN_ABOUT_RETURN_TYPE = YES_ERROR;
				GCC_WARN_UNDECLARED_SELECTOR = YES;
				GCC_WARN_UNINITIALIZED_AUTOS = YES_AGGRESSIVE;
				GCC_WARN_UNUSED_FUNCTION = YES;
				GCC_WARN_UNUSED_VARIABLE = YES;
				IPHONEOS_DEPLOYMENT_TARGET = 11.0;
				MTL_ENABLE_DEBUG_INFO = INCLUDE_SOURCE;
				MTL_FAST_MATH = YES;
				ONLY_ACTIVE_ARCH = YES;
				SDKROOT = iphoneos;
				VERSIONING_SYSTEM = "apple-generic";
				VERSION_INFO_PREFIX = "";
			};
			name = Debug;
		};
		07140417227CAC2900349FBC /* Release */ = {
			isa = XCBuildConfiguration;
			buildSettings = {
				ALWAYS_SEARCH_USER_PATHS = NO;
				CLANG_ANALYZER_NONNULL = YES;
				CLANG_ANALYZER_NUMBER_OBJECT_CONVERSION = YES_AGGRESSIVE;
				CLANG_CXX_LANGUAGE_STANDARD = "gnu++14";
				CLANG_CXX_LIBRARY = "libc++";
				CLANG_ENABLE_MODULES = YES;
				CLANG_ENABLE_OBJC_ARC = YES;
				CLANG_ENABLE_OBJC_WEAK = YES;
				CLANG_WARN_BLOCK_CAPTURE_AUTORELEASING = YES;
				CLANG_WARN_BOOL_CONVERSION = YES;
				CLANG_WARN_COMMA = YES;
				CLANG_WARN_CONSTANT_CONVERSION = YES;
				CLANG_WARN_DEPRECATED_OBJC_IMPLEMENTATIONS = YES;
				CLANG_WARN_DIRECT_OBJC_ISA_USAGE = YES_ERROR;
				CLANG_WARN_DOCUMENTATION_COMMENTS = YES;
				CLANG_WARN_EMPTY_BODY = YES;
				CLANG_WARN_ENUM_CONVERSION = YES;
				CLANG_WARN_INFINITE_RECURSION = YES;
				CLANG_WARN_INT_CONVERSION = YES;
				CLANG_WARN_NON_LITERAL_NULL_CONVERSION = YES;
				CLANG_WARN_OBJC_IMPLICIT_RETAIN_SELF = YES;
				CLANG_WARN_OBJC_LITERAL_CONVERSION = YES;
				CLANG_WARN_OBJC_ROOT_CLASS = YES_ERROR;
				CLANG_WARN_RANGE_LOOP_ANALYSIS = YES;
				CLANG_WARN_STRICT_PROTOTYPES = YES;
				CLANG_WARN_SUSPICIOUS_MOVE = YES;
				CLANG_WARN_UNGUARDED_AVAILABILITY = YES_AGGRESSIVE;
				CLANG_WARN_UNREACHABLE_CODE = YES;
				CLANG_WARN__DUPLICATE_METHOD_MATCH = YES;
				CODE_SIGN_IDENTITY = "iPhone Developer";
				COPY_PHASE_STRIP = NO;
				CURRENT_PROJECT_VERSION = 1;
				DEBUG_INFORMATION_FORMAT = "dwarf-with-dsym";
				ENABLE_NS_ASSERTIONS = NO;
				ENABLE_STRICT_OBJC_MSGSEND = YES;
				GCC_C_LANGUAGE_STANDARD = gnu11;
				GCC_NO_COMMON_BLOCKS = YES;
				GCC_WARN_64_TO_32_BIT_CONVERSION = YES;
				GCC_WARN_ABOUT_RETURN_TYPE = YES_ERROR;
				GCC_WARN_UNDECLARED_SELECTOR = YES;
				GCC_WARN_UNINITIALIZED_AUTOS = YES_AGGRESSIVE;
				GCC_WARN_UNUSED_FUNCTION = YES;
				GCC_WARN_UNUSED_VARIABLE = YES;
				IPHONEOS_DEPLOYMENT_TARGET = 11.0;
				MTL_ENABLE_DEBUG_INFO = NO;
				MTL_FAST_MATH = YES;
				SDKROOT = iphoneos;
				VALIDATE_PRODUCT = YES;
				VERSIONING_SYSTEM = "apple-generic";
				VERSION_INFO_PREFIX = "";
			};
			name = Release;
		};
		07140419227CAC2900349FBC /* Debug */ = {
			isa = XCBuildConfiguration;
			buildSettings = {
				CODE_SIGN_IDENTITY = "";
				CODE_SIGN_STYLE = Automatic;
				DEFINES_MODULE = YES;
				DEVELOPMENT_TEAM = H4CWH78TFV;
				DYLIB_COMPATIBILITY_VERSION = 1;
				DYLIB_CURRENT_VERSION = 1;
				DYLIB_INSTALL_NAME_BASE = "@rpath";
				FRAMEWORK_SEARCH_PATHS = (
					"$(inherited)",
					"$(PROJECT_DIR)/ObjcFeatureFramework",
					"$(PROJECT_DIR)",
				);
				INFOPLIST_FILE = ObjcFeatureFramework/Info.plist;
				INSTALL_PATH = "$(LOCAL_LIBRARY_DIR)/Frameworks";
				LD_RUNPATH_SEARCH_PATHS = (
					"$(inherited)",
					"@executable_path/Frameworks",
					"@loader_path/Frameworks",
				);
				PRODUCT_BUNDLE_IDENTIFIER = ca.abbeyjackson.ObjcFeatureFramework;
				PRODUCT_NAME = "$(TARGET_NAME:c99extidentifier)";
				SKIP_INSTALL = YES;
				TARGETED_DEVICE_FAMILY = "1,2";
			};
			name = Debug;
		};
		0714041A227CAC2900349FBC /* Release */ = {
			isa = XCBuildConfiguration;
			buildSettings = {
				CODE_SIGN_IDENTITY = "";
				CODE_SIGN_STYLE = Automatic;
				DEFINES_MODULE = YES;
				DEVELOPMENT_TEAM = H4CWH78TFV;
				DYLIB_COMPATIBILITY_VERSION = 1;
				DYLIB_CURRENT_VERSION = 1;
				DYLIB_INSTALL_NAME_BASE = "@rpath";
				FRAMEWORK_SEARCH_PATHS = (
					"$(inherited)",
					"$(PROJECT_DIR)/ObjcFeatureFramework",
					"$(PROJECT_DIR)",
				);
				INFOPLIST_FILE = ObjcFeatureFramework/Info.plist;
				INSTALL_PATH = "$(LOCAL_LIBRARY_DIR)/Frameworks";
				LD_RUNPATH_SEARCH_PATHS = (
					"$(inherited)",
					"@executable_path/Frameworks",
					"@loader_path/Frameworks",
				);
				PRODUCT_BUNDLE_IDENTIFIER = ca.abbeyjackson.ObjcFeatureFramework;
				PRODUCT_NAME = "$(TARGET_NAME:c99extidentifier)";
				SKIP_INSTALL = YES;
				TARGETED_DEVICE_FAMILY = "1,2";
			};
			name = Release;
		};
		07F2D02E2284DE270080AB8D /* Debug */ = {
			isa = XCBuildConfiguration;
			buildSettings = {
				CODE_SIGN_STYLE = Automatic;
				DEVELOPMENT_TEAM = H4CWH78TFV;
				PRODUCT_NAME = "$(TARGET_NAME)";
			};
			name = Debug;
		};
		07F2D02F2284DE270080AB8D /* Release */ = {
			isa = XCBuildConfiguration;
			buildSettings = {
				CODE_SIGN_STYLE = Automatic;
				DEVELOPMENT_TEAM = H4CWH78TFV;
				PRODUCT_NAME = "$(TARGET_NAME)";
			};
			name = Release;
		};
/* End XCBuildConfiguration section */

/* Begin XCConfigurationList section */
		0714040A227CAC2900349FBC /* Build configuration list for PBXProject "ObjcFeatureFramework" */ = {
			isa = XCConfigurationList;
			buildConfigurations = (
				07140416227CAC2900349FBC /* Debug */,
				07140417227CAC2900349FBC /* Release */,
			);
			defaultConfigurationIsVisible = 0;
			defaultConfigurationName = Release;
		};
		07140418227CAC2900349FBC /* Build configuration list for PBXNativeTarget "ObjcFeatureFramework" */ = {
			isa = XCConfigurationList;
			buildConfigurations = (
				07140419227CAC2900349FBC /* Debug */,
				0714041A227CAC2900349FBC /* Release */,
			);
			defaultConfigurationIsVisible = 0;
			defaultConfigurationName = Release;
		};
		07F2D0302284DE270080AB8D /* Build configuration list for PBXAggregateTarget "Packaging" */ = {
			isa = XCConfigurationList;
			buildConfigurations = (
				07F2D02E2284DE270080AB8D /* Debug */,
				07F2D02F2284DE270080AB8D /* Release */,
			);
			defaultConfigurationIsVisible = 0;
			defaultConfigurationName = Release;
		};
/* End XCConfigurationList section */
	};
	rootObject = 07140407227CAC2900349FBC /* Project object */;
}
